// !$*UTF8*$!
{
	archiveVersion = 1;
	classes = {
	};
	objectVersion = 52;
	objects = {

/* Begin PBXBuildFile section */
		320C02E626F74F790003D119 /* PINCodeInteractor.swift in Sources */ = {isa = PBXBuildFile; fileRef = 320C02E526F74F790003D119 /* PINCodeInteractor.swift */; };
		320C02E826F7520E0003D119 /* PINCodePresenter.swift in Sources */ = {isa = PBXBuildFile; fileRef = 320C02E726F7520E0003D119 /* PINCodePresenter.swift */; };
		3234288226F25C770008C5EB /* UIView+Nibbed.swift in Sources */ = {isa = PBXBuildFile; fileRef = 3234288126F25C770008C5EB /* UIView+Nibbed.swift */; };
		3234288526F266840008C5EB /* Launch Screen.storyboard in Resources */ = {isa = PBXBuildFile; fileRef = 3234288426F266840008C5EB /* Launch Screen.storyboard */; };
		323544F126F1229A0089E171 /* AppDelegate.swift in Sources */ = {isa = PBXBuildFile; fileRef = 323544F026F1229A0089E171 /* AppDelegate.swift */; };
		323544F326F1229A0089E171 /* SceneDelegate.swift in Sources */ = {isa = PBXBuildFile; fileRef = 323544F226F1229A0089E171 /* SceneDelegate.swift */; };
		323544F826F1229A0089E171 /* MiniBankingApp.xcdatamodeld in Sources */ = {isa = PBXBuildFile; fileRef = 323544F626F1229A0089E171 /* MiniBankingApp.xcdatamodeld */; };
		323544FA26F1229B0089E171 /* Assets.xcassets in Resources */ = {isa = PBXBuildFile; fileRef = 323544F926F1229B0089E171 /* Assets.xcassets */; };
		3235450B26F1229B0089E171 /* MiniBankingAppTests.swift in Sources */ = {isa = PBXBuildFile; fileRef = 3235450A26F1229B0089E171 /* MiniBankingAppTests.swift */; };
		3235451626F1229B0089E171 /* MiniBankingAppUITests.swift in Sources */ = {isa = PBXBuildFile; fileRef = 3235451526F1229B0089E171 /* MiniBankingAppUITests.swift */; };
		3239FBC426F7AA2100343AAF /* PINCodeRouter.swift in Sources */ = {isa = PBXBuildFile; fileRef = 3239FBC326F7AA2100343AAF /* PINCodeRouter.swift */; };
		325F141F26F12F900018B0B4 /* PINCodeViewController.xib in Resources */ = {isa = PBXBuildFile; fileRef = 325F141E26F12F900018B0B4 /* PINCodeViewController.xib */; };
		325F142126F1303C0018B0B4 /* PINCodeViewController.swift in Sources */ = {isa = PBXBuildFile; fileRef = 325F142026F1303C0018B0B4 /* PINCodeViewController.swift */; };
		325F142426F130B20018B0B4 /* PINCodeKeyboardCell.xib in Resources */ = {isa = PBXBuildFile; fileRef = 325F142326F130B20018B0B4 /* PINCodeKeyboardCell.xib */; };
		325F142626F1311D0018B0B4 /* PINCodeSymbolCell.xib in Resources */ = {isa = PBXBuildFile; fileRef = 325F142526F1311D0018B0B4 /* PINCodeSymbolCell.xib */; };
		325F142926F1316E0018B0B4 /* PINCodeKeyboardCell.swift in Sources */ = {isa = PBXBuildFile; fileRef = 325F142826F1316E0018B0B4 /* PINCodeKeyboardCell.swift */; };
		325F142B26F131780018B0B4 /* PINCodeSymbolCell.swift in Sources */ = {isa = PBXBuildFile; fileRef = 325F142A26F131780018B0B4 /* PINCodeSymbolCell.swift */; };
		325F142E26F131FC0018B0B4 /* UICollectionView+Nibbed.swift in Sources */ = {isa = PBXBuildFile; fileRef = 325F142D26F131FC0018B0B4 /* UICollectionView+Nibbed.swift */; };
		32966CF626F8780D002FEAF4 /* TransactionsViewController.xib in Resources */ = {isa = PBXBuildFile; fileRef = 32966CF526F8780D002FEAF4 /* TransactionsViewController.xib */; };
		32966CF926F87A0B002FEAF4 /* TransactionCell.xib in Resources */ = {isa = PBXBuildFile; fileRef = 32966CF826F87A0B002FEAF4 /* TransactionCell.xib */; };
		32966CFB26F89B67002FEAF4 /* TransactionsViewController.swift in Sources */ = {isa = PBXBuildFile; fileRef = 32966CFA26F89B67002FEAF4 /* TransactionsViewController.swift */; };
		32966CFE26F8A06E002FEAF4 /* TransactionCell.swift in Sources */ = {isa = PBXBuildFile; fileRef = 32966CFD26F8A06E002FEAF4 /* TransactionCell.swift */; };
		32966D0126F8C0D4002FEAF4 /* Alamofire in Frameworks */ = {isa = PBXBuildFile; productRef = 32966D0026F8C0D4002FEAF4 /* Alamofire */; };
		32966D0426F8C0E5002FEAF4 /* KeychainSwift in Frameworks */ = {isa = PBXBuildFile; productRef = 32966D0326F8C0E5002FEAF4 /* KeychainSwift */; };
		32966D0626F8C1D2002FEAF4 /* TransactionsDownloadWorker.swift in Sources */ = {isa = PBXBuildFile; fileRef = 32966D0526F8C1D2002FEAF4 /* TransactionsDownloadWorker.swift */; };
		32966D0926F8C207002FEAF4 /* Transaction.swift in Sources */ = {isa = PBXBuildFile; fileRef = 32966D0826F8C207002FEAF4 /* Transaction.swift */; };
		32966D0B26F8C6BE002FEAF4 /* TransactionsInteractor.swift in Sources */ = {isa = PBXBuildFile; fileRef = 32966D0A26F8C6BE002FEAF4 /* TransactionsInteractor.swift */; };
		32966D0D26F8C6CA002FEAF4 /* TransactionsPresenter.swift in Sources */ = {isa = PBXBuildFile; fileRef = 32966D0C26F8C6CA002FEAF4 /* TransactionsPresenter.swift */; };
		32966D0F26F8CA3E002FEAF4 /* UITableView+Nibbed.swift in Sources */ = {isa = PBXBuildFile; fileRef = 32966D0E26F8CA3E002FEAF4 /* UITableView+Nibbed.swift */; };
		32966D1326F8CF81002FEAF4 /* UITableView+EmptyView.swift in Sources */ = {isa = PBXBuildFile; fileRef = 32966D1226F8CF81002FEAF4 /* UITableView+EmptyView.swift */; };
/* End PBXBuildFile section */

/* Begin PBXContainerItemProxy section */
		3235450726F1229B0089E171 /* PBXContainerItemProxy */ = {
			isa = PBXContainerItemProxy;
			containerPortal = 323544E526F1229A0089E171 /* Project object */;
			proxyType = 1;
			remoteGlobalIDString = 323544EC26F1229A0089E171;
			remoteInfo = MiniBankingApp;
		};
		3235451226F1229B0089E171 /* PBXContainerItemProxy */ = {
			isa = PBXContainerItemProxy;
			containerPortal = 323544E526F1229A0089E171 /* Project object */;
			proxyType = 1;
			remoteGlobalIDString = 323544EC26F1229A0089E171;
			remoteInfo = MiniBankingApp;
		};
/* End PBXContainerItemProxy section */

/* Begin PBXFileReference section */
		320C02E526F74F790003D119 /* PINCodeInteractor.swift */ = {isa = PBXFileReference; lastKnownFileType = sourcecode.swift; path = PINCodeInteractor.swift; sourceTree = "<group>"; };
		320C02E726F7520E0003D119 /* PINCodePresenter.swift */ = {isa = PBXFileReference; lastKnownFileType = sourcecode.swift; path = PINCodePresenter.swift; sourceTree = "<group>"; };
		3234288126F25C770008C5EB /* UIView+Nibbed.swift */ = {isa = PBXFileReference; lastKnownFileType = sourcecode.swift; path = "UIView+Nibbed.swift"; sourceTree = "<group>"; };
		3234288426F266840008C5EB /* Launch Screen.storyboard */ = {isa = PBXFileReference; lastKnownFileType = file.storyboard; path = "Launch Screen.storyboard"; sourceTree = "<group>"; };
		323544ED26F1229A0089E171 /* MiniBankingApp.app */ = {isa = PBXFileReference; explicitFileType = wrapper.application; includeInIndex = 0; path = MiniBankingApp.app; sourceTree = BUILT_PRODUCTS_DIR; };
		323544F026F1229A0089E171 /* AppDelegate.swift */ = {isa = PBXFileReference; lastKnownFileType = sourcecode.swift; path = AppDelegate.swift; sourceTree = "<group>"; };
		323544F226F1229A0089E171 /* SceneDelegate.swift */ = {isa = PBXFileReference; lastKnownFileType = sourcecode.swift; path = SceneDelegate.swift; sourceTree = "<group>"; };
		323544F726F1229A0089E171 /* MiniBankingApp.xcdatamodel */ = {isa = PBXFileReference; lastKnownFileType = wrapper.xcdatamodel; path = MiniBankingApp.xcdatamodel; sourceTree = "<group>"; };
		323544F926F1229B0089E171 /* Assets.xcassets */ = {isa = PBXFileReference; lastKnownFileType = folder.assetcatalog; path = Assets.xcassets; sourceTree = "<group>"; };
		3235450126F1229B0089E171 /* Info.plist */ = {isa = PBXFileReference; lastKnownFileType = text.plist.xml; path = Info.plist; sourceTree = "<group>"; };
		3235450626F1229B0089E171 /* MiniBankingAppTests.xctest */ = {isa = PBXFileReference; explicitFileType = wrapper.cfbundle; includeInIndex = 0; path = MiniBankingAppTests.xctest; sourceTree = BUILT_PRODUCTS_DIR; };
		3235450A26F1229B0089E171 /* MiniBankingAppTests.swift */ = {isa = PBXFileReference; lastKnownFileType = sourcecode.swift; path = MiniBankingAppTests.swift; sourceTree = "<group>"; };
		3235450C26F1229B0089E171 /* Info.plist */ = {isa = PBXFileReference; lastKnownFileType = text.plist.xml; path = Info.plist; sourceTree = "<group>"; };
		3235451126F1229B0089E171 /* MiniBankingAppUITests.xctest */ = {isa = PBXFileReference; explicitFileType = wrapper.cfbundle; includeInIndex = 0; path = MiniBankingAppUITests.xctest; sourceTree = BUILT_PRODUCTS_DIR; };
		3235451526F1229B0089E171 /* MiniBankingAppUITests.swift */ = {isa = PBXFileReference; lastKnownFileType = sourcecode.swift; path = MiniBankingAppUITests.swift; sourceTree = "<group>"; };
		3235451726F1229B0089E171 /* Info.plist */ = {isa = PBXFileReference; lastKnownFileType = text.plist.xml; path = Info.plist; sourceTree = "<group>"; };
		3239FBC326F7AA2100343AAF /* PINCodeRouter.swift */ = {isa = PBXFileReference; lastKnownFileType = sourcecode.swift; path = PINCodeRouter.swift; sourceTree = "<group>"; };
		325F141E26F12F900018B0B4 /* PINCodeViewController.xib */ = {isa = PBXFileReference; lastKnownFileType = file.xib; path = PINCodeViewController.xib; sourceTree = "<group>"; };
		325F142026F1303C0018B0B4 /* PINCodeViewController.swift */ = {isa = PBXFileReference; lastKnownFileType = sourcecode.swift; path = PINCodeViewController.swift; sourceTree = "<group>"; };
		325F142326F130B20018B0B4 /* PINCodeKeyboardCell.xib */ = {isa = PBXFileReference; lastKnownFileType = file.xib; path = PINCodeKeyboardCell.xib; sourceTree = "<group>"; };
		325F142526F1311D0018B0B4 /* PINCodeSymbolCell.xib */ = {isa = PBXFileReference; lastKnownFileType = file.xib; path = PINCodeSymbolCell.xib; sourceTree = "<group>"; };
		325F142826F1316E0018B0B4 /* PINCodeKeyboardCell.swift */ = {isa = PBXFileReference; lastKnownFileType = sourcecode.swift; path = PINCodeKeyboardCell.swift; sourceTree = "<group>"; };
		325F142A26F131780018B0B4 /* PINCodeSymbolCell.swift */ = {isa = PBXFileReference; lastKnownFileType = sourcecode.swift; path = PINCodeSymbolCell.swift; sourceTree = "<group>"; };
		325F142D26F131FC0018B0B4 /* UICollectionView+Nibbed.swift */ = {isa = PBXFileReference; lastKnownFileType = sourcecode.swift; path = "UICollectionView+Nibbed.swift"; sourceTree = "<group>"; };
		32966CF526F8780D002FEAF4 /* TransactionsViewController.xib */ = {isa = PBXFileReference; lastKnownFileType = file.xib; path = TransactionsViewController.xib; sourceTree = "<group>"; };
		32966CF826F87A0B002FEAF4 /* TransactionCell.xib */ = {isa = PBXFileReference; lastKnownFileType = file.xib; path = TransactionCell.xib; sourceTree = "<group>"; };
		32966CFA26F89B67002FEAF4 /* TransactionsViewController.swift */ = {isa = PBXFileReference; lastKnownFileType = sourcecode.swift; path = TransactionsViewController.swift; sourceTree = "<group>"; };
		32966CFD26F8A06E002FEAF4 /* TransactionCell.swift */ = {isa = PBXFileReference; lastKnownFileType = sourcecode.swift; path = TransactionCell.swift; sourceTree = "<group>"; };
		32966D0526F8C1D2002FEAF4 /* TransactionsDownloadWorker.swift */ = {isa = PBXFileReference; lastKnownFileType = sourcecode.swift; path = TransactionsDownloadWorker.swift; sourceTree = "<group>"; };
		32966D0826F8C207002FEAF4 /* Transaction.swift */ = {isa = PBXFileReference; lastKnownFileType = sourcecode.swift; path = Transaction.swift; sourceTree = "<group>"; };
		32966D0A26F8C6BE002FEAF4 /* TransactionsInteractor.swift */ = {isa = PBXFileReference; lastKnownFileType = sourcecode.swift; path = TransactionsInteractor.swift; sourceTree = "<group>"; };
		32966D0C26F8C6CA002FEAF4 /* TransactionsPresenter.swift */ = {isa = PBXFileReference; lastKnownFileType = sourcecode.swift; path = TransactionsPresenter.swift; sourceTree = "<group>"; };
		32966D0E26F8CA3E002FEAF4 /* UITableView+Nibbed.swift */ = {isa = PBXFileReference; lastKnownFileType = sourcecode.swift; path = "UITableView+Nibbed.swift"; sourceTree = "<group>"; };
		32966D1226F8CF81002FEAF4 /* UITableView+EmptyView.swift */ = {isa = PBXFileReference; lastKnownFileType = sourcecode.swift; path = "UITableView+EmptyView.swift"; sourceTree = "<group>"; };
/* End PBXFileReference section */

/* Begin PBXFrameworksBuildPhase section */
		323544EA26F1229A0089E171 /* Frameworks */ = {
			isa = PBXFrameworksBuildPhase;
			buildActionMask = 2147483647;
			files = (
				32966D0426F8C0E5002FEAF4 /* KeychainSwift in Frameworks */,
				32966D0126F8C0D4002FEAF4 /* Alamofire in Frameworks */,
			);
			runOnlyForDeploymentPostprocessing = 0;
		};
		3235450326F1229B0089E171 /* Frameworks */ = {
			isa = PBXFrameworksBuildPhase;
			buildActionMask = 2147483647;
			files = (
			);
			runOnlyForDeploymentPostprocessing = 0;
		};
		3235450E26F1229B0089E171 /* Frameworks */ = {
			isa = PBXFrameworksBuildPhase;
			buildActionMask = 2147483647;
			files = (
			);
			runOnlyForDeploymentPostprocessing = 0;
		};
/* End PBXFrameworksBuildPhase section */

/* Begin PBXGroup section */
		323544E426F1229A0089E171 = {
			isa = PBXGroup;
			children = (
				323544EF26F1229A0089E171 /* MiniBankingApp */,
				3235450926F1229B0089E171 /* MiniBankingAppTests */,
				3235451426F1229B0089E171 /* MiniBankingAppUITests */,
				323544EE26F1229A0089E171 /* Products */,
			);
			sourceTree = "<group>";
		};
		323544EE26F1229A0089E171 /* Products */ = {
			isa = PBXGroup;
			children = (
				323544ED26F1229A0089E171 /* MiniBankingApp.app */,
				3235450626F1229B0089E171 /* MiniBankingAppTests.xctest */,
				3235451126F1229B0089E171 /* MiniBankingAppUITests.xctest */,
			);
			name = Products;
			sourceTree = "<group>";
		};
		323544EF26F1229A0089E171 /* MiniBankingApp */ = {
			isa = PBXGroup;
			children = (
				32966D0726F8C1FD002FEAF4 /* Models */,
				325F142C26F131BF0018B0B4 /* Extensions */,
				325F141926F12BF50018B0B4 /* Scenes */,
				323544F026F1229A0089E171 /* AppDelegate.swift */,
				323544F226F1229A0089E171 /* SceneDelegate.swift */,
				323544F926F1229B0089E171 /* Assets.xcassets */,
				3235450126F1229B0089E171 /* Info.plist */,
				323544F626F1229A0089E171 /* MiniBankingApp.xcdatamodeld */,
				3234288426F266840008C5EB /* Launch Screen.storyboard */,
			);
			path = MiniBankingApp;
			sourceTree = "<group>";
		};
		3235450926F1229B0089E171 /* MiniBankingAppTests */ = {
			isa = PBXGroup;
			children = (
				3235450A26F1229B0089E171 /* MiniBankingAppTests.swift */,
				3235450C26F1229B0089E171 /* Info.plist */,
			);
			path = MiniBankingAppTests;
			sourceTree = "<group>";
		};
		3235451426F1229B0089E171 /* MiniBankingAppUITests */ = {
			isa = PBXGroup;
			children = (
				3235451526F1229B0089E171 /* MiniBankingAppUITests.swift */,
				3235451726F1229B0089E171 /* Info.plist */,
			);
			path = MiniBankingAppUITests;
			sourceTree = "<group>";
		};
		325F141926F12BF50018B0B4 /* Scenes */ = {
			isa = PBXGroup;
			children = (
				32966CF426F877FA002FEAF4 /* Transactions */,
				325F141B26F12E120018B0B4 /* PINCode */,
			);
			path = Scenes;
			sourceTree = "<group>";
		};
		325F141B26F12E120018B0B4 /* PINCode */ = {
			isa = PBXGroup;
			children = (
				325F142726F131590018B0B4 /* Cells */,
				325F142226F1304E0018B0B4 /* Xibs */,
				325F142026F1303C0018B0B4 /* PINCodeViewController.swift */,
				320C02E526F74F790003D119 /* PINCodeInteractor.swift */,
				320C02E726F7520E0003D119 /* PINCodePresenter.swift */,
				3239FBC326F7AA2100343AAF /* PINCodeRouter.swift */,
			);
			path = PINCode;
			sourceTree = "<group>";
		};
		325F142226F1304E0018B0B4 /* Xibs */ = {
			isa = PBXGroup;
			children = (
				325F141E26F12F900018B0B4 /* PINCodeViewController.xib */,
				325F142326F130B20018B0B4 /* PINCodeKeyboardCell.xib */,
				325F142526F1311D0018B0B4 /* PINCodeSymbolCell.xib */,
			);
			path = Xibs;
			sourceTree = "<group>";
		};
		325F142726F131590018B0B4 /* Cells */ = {
			isa = PBXGroup;
			children = (
				325F142826F1316E0018B0B4 /* PINCodeKeyboardCell.swift */,
				325F142A26F131780018B0B4 /* PINCodeSymbolCell.swift */,
			);
			path = Cells;
			sourceTree = "<group>";
		};
		325F142C26F131BF0018B0B4 /* Extensions */ = {
			isa = PBXGroup;
			children = (
				325F142D26F131FC0018B0B4 /* UICollectionView+Nibbed.swift */,
				3234288126F25C770008C5EB /* UIView+Nibbed.swift */,
				32966D0E26F8CA3E002FEAF4 /* UITableView+Nibbed.swift */,
				32966D1226F8CF81002FEAF4 /* UITableView+EmptyView.swift */,
			);
			path = Extensions;
			sourceTree = "<group>";
		};
		32966CF426F877FA002FEAF4 /* Transactions */ = {
			isa = PBXGroup;
			children = (
				32966CFC26F8A063002FEAF4 /* Cells */,
				32966CF726F879EB002FEAF4 /* Xibs */,
				32966CFA26F89B67002FEAF4 /* TransactionsViewController.swift */,
				32966D0A26F8C6BE002FEAF4 /* TransactionsInteractor.swift */,
				32966D0526F8C1D2002FEAF4 /* TransactionsDownloadWorker.swift */,
				32966D0C26F8C6CA002FEAF4 /* TransactionsPresenter.swift */,
			);
			path = Transactions;
			sourceTree = "<group>";
		};
		32966CF726F879EB002FEAF4 /* Xibs */ = {
			isa = PBXGroup;
			children = (
				32966CF526F8780D002FEAF4 /* TransactionsViewController.xib */,
				32966CF826F87A0B002FEAF4 /* TransactionCell.xib */,
			);
			path = Xibs;
			sourceTree = "<group>";
		};
		32966CFC26F8A063002FEAF4 /* Cells */ = {
			isa = PBXGroup;
			children = (
				32966CFD26F8A06E002FEAF4 /* TransactionCell.swift */,
			);
			path = Cells;
			sourceTree = "<group>";
		};
		32966D0726F8C1FD002FEAF4 /* Models */ = {
			isa = PBXGroup;
			children = (
				32966D0826F8C207002FEAF4 /* Transaction.swift */,
			);
			path = Models;
			sourceTree = "<group>";
		};
/* End PBXGroup section */

/* Begin PBXNativeTarget section */
		323544EC26F1229A0089E171 /* MiniBankingApp */ = {
			isa = PBXNativeTarget;
			buildConfigurationList = 3235451A26F1229B0089E171 /* Build configuration list for PBXNativeTarget "MiniBankingApp" */;
			buildPhases = (
				323544E926F1229A0089E171 /* Sources */,
				323544EA26F1229A0089E171 /* Frameworks */,
				323544EB26F1229A0089E171 /* Resources */,
			);
			buildRules = (
			);
			dependencies = (
			);
			name = MiniBankingApp;
			packageProductDependencies = (
				32966D0026F8C0D4002FEAF4 /* Alamofire */,
				32966D0326F8C0E5002FEAF4 /* KeychainSwift */,
			);
			productName = MiniBankingApp;
			productReference = 323544ED26F1229A0089E171 /* MiniBankingApp.app */;
			productType = "com.apple.product-type.application";
		};
		3235450526F1229B0089E171 /* MiniBankingAppTests */ = {
			isa = PBXNativeTarget;
			buildConfigurationList = 3235451D26F1229B0089E171 /* Build configuration list for PBXNativeTarget "MiniBankingAppTests" */;
			buildPhases = (
				3235450226F1229B0089E171 /* Sources */,
				3235450326F1229B0089E171 /* Frameworks */,
				3235450426F1229B0089E171 /* Resources */,
			);
			buildRules = (
			);
			dependencies = (
				3235450826F1229B0089E171 /* PBXTargetDependency */,
			);
			name = MiniBankingAppTests;
			productName = MiniBankingAppTests;
			productReference = 3235450626F1229B0089E171 /* MiniBankingAppTests.xctest */;
			productType = "com.apple.product-type.bundle.unit-test";
		};
		3235451026F1229B0089E171 /* MiniBankingAppUITests */ = {
			isa = PBXNativeTarget;
			buildConfigurationList = 3235452026F1229B0089E171 /* Build configuration list for PBXNativeTarget "MiniBankingAppUITests" */;
			buildPhases = (
				3235450D26F1229B0089E171 /* Sources */,
				3235450E26F1229B0089E171 /* Frameworks */,
				3235450F26F1229B0089E171 /* Resources */,
			);
			buildRules = (
			);
			dependencies = (
				3235451326F1229B0089E171 /* PBXTargetDependency */,
			);
			name = MiniBankingAppUITests;
			productName = MiniBankingAppUITests;
			productReference = 3235451126F1229B0089E171 /* MiniBankingAppUITests.xctest */;
			productType = "com.apple.product-type.bundle.ui-testing";
		};
/* End PBXNativeTarget section */

/* Begin PBXProject section */
		323544E526F1229A0089E171 /* Project object */ = {
			isa = PBXProject;
			attributes = {
				LastSwiftUpdateCheck = 1250;
				LastUpgradeCheck = 1250;
				TargetAttributes = {
					323544EC26F1229A0089E171 = {
						CreatedOnToolsVersion = 12.5;
					};
					3235450526F1229B0089E171 = {
						CreatedOnToolsVersion = 12.5;
						TestTargetID = 323544EC26F1229A0089E171;
					};
					3235451026F1229B0089E171 = {
						CreatedOnToolsVersion = 12.5;
						TestTargetID = 323544EC26F1229A0089E171;
					};
				};
			};
			buildConfigurationList = 323544E826F1229A0089E171 /* Build configuration list for PBXProject "MiniBankingApp" */;
			compatibilityVersion = "Xcode 9.3";
			developmentRegion = en;
			hasScannedForEncodings = 0;
			knownRegions = (
				en,
				Base,
			);
			mainGroup = 323544E426F1229A0089E171;
			packageReferences = (
				32966CFF26F8C0D4002FEAF4 /* XCRemoteSwiftPackageReference "Alamofire" */,
				32966D0226F8C0E5002FEAF4 /* XCRemoteSwiftPackageReference "keychain-swift" */,
			);
			productRefGroup = 323544EE26F1229A0089E171 /* Products */;
			projectDirPath = "";
			projectRoot = "";
			targets = (
				323544EC26F1229A0089E171 /* MiniBankingApp */,
				3235450526F1229B0089E171 /* MiniBankingAppTests */,
				3235451026F1229B0089E171 /* MiniBankingAppUITests */,
			);
		};
/* End PBXProject section */

/* Begin PBXResourcesBuildPhase section */
		323544EB26F1229A0089E171 /* Resources */ = {
			isa = PBXResourcesBuildPhase;
			buildActionMask = 2147483647;
			files = (
				323544FA26F1229B0089E171 /* Assets.xcassets in Resources */,
				325F141F26F12F900018B0B4 /* PINCodeViewController.xib in Resources */,
				325F142626F1311D0018B0B4 /* PINCodeSymbolCell.xib in Resources */,
				3234288526F266840008C5EB /* Launch Screen.storyboard in Resources */,
				325F142426F130B20018B0B4 /* PINCodeKeyboardCell.xib in Resources */,
				32966CF626F8780D002FEAF4 /* TransactionsViewController.xib in Resources */,
				32966CF926F87A0B002FEAF4 /* TransactionCell.xib in Resources */,
			);
			runOnlyForDeploymentPostprocessing = 0;
		};
		3235450426F1229B0089E171 /* Resources */ = {
			isa = PBXResourcesBuildPhase;
			buildActionMask = 2147483647;
			files = (
			);
			runOnlyForDeploymentPostprocessing = 0;
		};
		3235450F26F1229B0089E171 /* Resources */ = {
			isa = PBXResourcesBuildPhase;
			buildActionMask = 2147483647;
			files = (
			);
			runOnlyForDeploymentPostprocessing = 0;
		};
/* End PBXResourcesBuildPhase section */

/* Begin PBXSourcesBuildPhase section */
		323544E926F1229A0089E171 /* Sources */ = {
			isa = PBXSourcesBuildPhase;
			buildActionMask = 2147483647;
			files = (
				32966CFE26F8A06E002FEAF4 /* TransactionCell.swift in Sources */,
				32966D0F26F8CA3E002FEAF4 /* UITableView+Nibbed.swift in Sources */,
				323544F126F1229A0089E171 /* AppDelegate.swift in Sources */,
				325F142926F1316E0018B0B4 /* PINCodeKeyboardCell.swift in Sources */,
				325F142B26F131780018B0B4 /* PINCodeSymbolCell.swift in Sources */,
				320C02E826F7520E0003D119 /* PINCodePresenter.swift in Sources */,
				325F142E26F131FC0018B0B4 /* UICollectionView+Nibbed.swift in Sources */,
				32966CFB26F89B67002FEAF4 /* TransactionsViewController.swift in Sources */,
				320C02E626F74F790003D119 /* PINCodeInteractor.swift in Sources */,
				32966D0626F8C1D2002FEAF4 /* TransactionsDownloadWorker.swift in Sources */,
				3239FBC426F7AA2100343AAF /* PINCodeRouter.swift in Sources */,
				323544F326F1229A0089E171 /* SceneDelegate.swift in Sources */,
				32966D0B26F8C6BE002FEAF4 /* TransactionsInteractor.swift in Sources */,
				32966D0D26F8C6CA002FEAF4 /* TransactionsPresenter.swift in Sources */,
				323544F826F1229A0089E171 /* MiniBankingApp.xcdatamodeld in Sources */,
				32966D1326F8CF81002FEAF4 /* UITableView+EmptyView.swift in Sources */,
				3234288226F25C770008C5EB /* UIView+Nibbed.swift in Sources */,
				325F142126F1303C0018B0B4 /* PINCodeViewController.swift in Sources */,
				32966D0926F8C207002FEAF4 /* Transaction.swift in Sources */,
			);
			runOnlyForDeploymentPostprocessing = 0;
		};
		3235450226F1229B0089E171 /* Sources */ = {
			isa = PBXSourcesBuildPhase;
			buildActionMask = 2147483647;
			files = (
				3235450B26F1229B0089E171 /* MiniBankingAppTests.swift in Sources */,
			);
			runOnlyForDeploymentPostprocessing = 0;
		};
		3235450D26F1229B0089E171 /* Sources */ = {
			isa = PBXSourcesBuildPhase;
			buildActionMask = 2147483647;
			files = (
				3235451626F1229B0089E171 /* MiniBankingAppUITests.swift in Sources */,
			);
			runOnlyForDeploymentPostprocessing = 0;
		};
/* End PBXSourcesBuildPhase section */

/* Begin PBXTargetDependency section */
		3235450826F1229B0089E171 /* PBXTargetDependency */ = {
			isa = PBXTargetDependency;
			target = 323544EC26F1229A0089E171 /* MiniBankingApp */;
			targetProxy = 3235450726F1229B0089E171 /* PBXContainerItemProxy */;
		};
		3235451326F1229B0089E171 /* PBXTargetDependency */ = {
			isa = PBXTargetDependency;
			target = 323544EC26F1229A0089E171 /* MiniBankingApp */;
			targetProxy = 3235451226F1229B0089E171 /* PBXContainerItemProxy */;
		};
/* End PBXTargetDependency section */

/* Begin XCBuildConfiguration section */
		3235451826F1229B0089E171 /* Debug */ = {
			isa = XCBuildConfiguration;
			buildSettings = {
				ALWAYS_SEARCH_USER_PATHS = NO;
				CLANG_ANALYZER_NONNULL = YES;
				CLANG_ANALYZER_NUMBER_OBJECT_CONVERSION = YES_AGGRESSIVE;
				CLANG_CXX_LANGUAGE_STANDARD = "gnu++14";
				CLANG_CXX_LIBRARY = "libc++";
				CLANG_ENABLE_MODULES = YES;
				CLANG_ENABLE_OBJC_ARC = YES;
				CLANG_ENABLE_OBJC_WEAK = YES;
				CLANG_WARN_BLOCK_CAPTURE_AUTORELEASING = YES;
				CLANG_WARN_BOOL_CONVERSION = YES;
				CLANG_WARN_COMMA = YES;
				CLANG_WARN_CONSTANT_CONVERSION = YES;
				CLANG_WARN_DEPRECATED_OBJC_IMPLEMENTATIONS = YES;
				CLANG_WARN_DIRECT_OBJC_ISA_USAGE = YES_ERROR;
				CLANG_WARN_DOCUMENTATION_COMMENTS = YES;
				CLANG_WARN_EMPTY_BODY = YES;
				CLANG_WARN_ENUM_CONVERSION = YES;
				CLANG_WARN_INFINITE_RECURSION = YES;
				CLANG_WARN_INT_CONVERSION = YES;
				CLANG_WARN_NON_LITERAL_NULL_CONVERSION = YES;
				CLANG_WARN_OBJC_IMPLICIT_RETAIN_SELF = YES;
				CLANG_WARN_OBJC_LITERAL_CONVERSION = YES;
				CLANG_WARN_OBJC_ROOT_CLASS = YES_ERROR;
				CLANG_WARN_QUOTED_INCLUDE_IN_FRAMEWORK_HEADER = YES;
				CLANG_WARN_RANGE_LOOP_ANALYSIS = YES;
				CLANG_WARN_STRICT_PROTOTYPES = YES;
				CLANG_WARN_SUSPICIOUS_MOVE = YES;
				CLANG_WARN_UNGUARDED_AVAILABILITY = YES_AGGRESSIVE;
				CLANG_WARN_UNREACHABLE_CODE = YES;
				CLANG_WARN__DUPLICATE_METHOD_MATCH = YES;
				COPY_PHASE_STRIP = NO;
				DEBUG_INFORMATION_FORMAT = dwarf;
				ENABLE_STRICT_OBJC_MSGSEND = YES;
				ENABLE_TESTABILITY = YES;
				GCC_C_LANGUAGE_STANDARD = gnu11;
				GCC_DYNAMIC_NO_PIC = NO;
				GCC_NO_COMMON_BLOCKS = YES;
				GCC_OPTIMIZATION_LEVEL = 0;
				GCC_PREPROCESSOR_DEFINITIONS = (
					"DEBUG=1",
					"$(inherited)",
				);
				GCC_WARN_64_TO_32_BIT_CONVERSION = YES;
				GCC_WARN_ABOUT_RETURN_TYPE = YES_ERROR;
				GCC_WARN_UNDECLARED_SELECTOR = YES;
				GCC_WARN_UNINITIALIZED_AUTOS = YES_AGGRESSIVE;
				GCC_WARN_UNUSED_FUNCTION = YES;
				GCC_WARN_UNUSED_VARIABLE = YES;
				IPHONEOS_DEPLOYMENT_TARGET = 14.5;
				MTL_ENABLE_DEBUG_INFO = INCLUDE_SOURCE;
				MTL_FAST_MATH = YES;
				ONLY_ACTIVE_ARCH = YES;
				SDKROOT = iphoneos;
				SWIFT_ACTIVE_COMPILATION_CONDITIONS = DEBUG;
				SWIFT_OPTIMIZATION_LEVEL = "-Onone";
			};
			name = Debug;
		};
		3235451926F1229B0089E171 /* Release */ = {
			isa = XCBuildConfiguration;
			buildSettings = {
				ALWAYS_SEARCH_USER_PATHS = NO;
				CLANG_ANALYZER_NONNULL = YES;
				CLANG_ANALYZER_NUMBER_OBJECT_CONVERSION = YES_AGGRESSIVE;
				CLANG_CXX_LANGUAGE_STANDARD = "gnu++14";
				CLANG_CXX_LIBRARY = "libc++";
				CLANG_ENABLE_MODULES = YES;
				CLANG_ENABLE_OBJC_ARC = YES;
				CLANG_ENABLE_OBJC_WEAK = YES;
				CLANG_WARN_BLOCK_CAPTURE_AUTORELEASING = YES;
				CLANG_WARN_BOOL_CONVERSION = YES;
				CLANG_WARN_COMMA = YES;
				CLANG_WARN_CONSTANT_CONVERSION = YES;
				CLANG_WARN_DEPRECATED_OBJC_IMPLEMENTATIONS = YES;
				CLANG_WARN_DIRECT_OBJC_ISA_USAGE = YES_ERROR;
				CLANG_WARN_DOCUMENTATION_COMMENTS = YES;
				CLANG_WARN_EMPTY_BODY = YES;
				CLANG_WARN_ENUM_CONVERSION = YES;
				CLANG_WARN_INFINITE_RECURSION = YES;
				CLANG_WARN_INT_CONVERSION = YES;
				CLANG_WARN_NON_LITERAL_NULL_CONVERSION = YES;
				CLANG_WARN_OBJC_IMPLICIT_RETAIN_SELF = YES;
				CLANG_WARN_OBJC_LITERAL_CONVERSION = YES;
				CLANG_WARN_OBJC_ROOT_CLASS = YES_ERROR;
				CLANG_WARN_QUOTED_INCLUDE_IN_FRAMEWORK_HEADER = YES;
				CLANG_WARN_RANGE_LOOP_ANALYSIS = YES;
				CLANG_WARN_STRICT_PROTOTYPES = YES;
				CLANG_WARN_SUSPICIOUS_MOVE = YES;
				CLANG_WARN_UNGUARDED_AVAILABILITY = YES_AGGRESSIVE;
				CLANG_WARN_UNREACHABLE_CODE = YES;
				CLANG_WARN__DUPLICATE_METHOD_MATCH = YES;
				COPY_PHASE_STRIP = NO;
				DEBUG_INFORMATION_FORMAT = "dwarf-with-dsym";
				ENABLE_NS_ASSERTIONS = NO;
				ENABLE_STRICT_OBJC_MSGSEND = YES;
				GCC_C_LANGUAGE_STANDARD = gnu11;
				GCC_NO_COMMON_BLOCKS = YES;
				GCC_WARN_64_TO_32_BIT_CONVERSION = YES;
				GCC_WARN_ABOUT_RETURN_TYPE = YES_ERROR;
				GCC_WARN_UNDECLARED_SELECTOR = YES;
				GCC_WARN_UNINITIALIZED_AUTOS = YES_AGGRESSIVE;
				GCC_WARN_UNUSED_FUNCTION = YES;
				GCC_WARN_UNUSED_VARIABLE = YES;
				IPHONEOS_DEPLOYMENT_TARGET = 14.5;
				MTL_ENABLE_DEBUG_INFO = NO;
				MTL_FAST_MATH = YES;
				SDKROOT = iphoneos;
				SWIFT_COMPILATION_MODE = wholemodule;
				SWIFT_OPTIMIZATION_LEVEL = "-O";
				VALIDATE_PRODUCT = YES;
			};
			name = Release;
		};
		3235451B26F1229B0089E171 /* Debug */ = {
			isa = XCBuildConfiguration;
			buildSettings = {
				ASSETCATALOG_COMPILER_APPICON_NAME = AppIcon;
				ASSETCATALOG_COMPILER_GLOBAL_ACCENT_COLOR_NAME = AccentColor;
				CODE_SIGN_STYLE = Automatic;
				DEVELOPMENT_ASSET_PATHS = "";
				DEVELOPMENT_TEAM = FA63X2Z829;
				ENABLE_PREVIEWS = YES;
				INFOPLIST_FILE = MiniBankingApp/Info.plist;
				IPHONEOS_DEPLOYMENT_TARGET = 14.5;
				LD_RUNPATH_SEARCH_PATHS = (
					"$(inherited)",
					"@executable_path/Frameworks",
				);
				PRODUCT_BUNDLE_IDENTIFIER = arnassleivys.MiniBankingApp;
				PRODUCT_NAME = "$(TARGET_NAME)";
				SWIFT_VERSION = 5.0;
				TARGETED_DEVICE_FAMILY = 1;
			};
			name = Debug;
		};
		3235451C26F1229B0089E171 /* Release */ = {
			isa = XCBuildConfiguration;
			buildSettings = {
				ASSETCATALOG_COMPILER_APPICON_NAME = AppIcon;
				ASSETCATALOG_COMPILER_GLOBAL_ACCENT_COLOR_NAME = AccentColor;
				CODE_SIGN_STYLE = Automatic;
				DEVELOPMENT_ASSET_PATHS = "";
				DEVELOPMENT_TEAM = FA63X2Z829;
				ENABLE_PREVIEWS = YES;
				INFOPLIST_FILE = MiniBankingApp/Info.plist;
				IPHONEOS_DEPLOYMENT_TARGET = 14.5;
				LD_RUNPATH_SEARCH_PATHS = (
					"$(inherited)",
					"@executable_path/Frameworks",
				);
				PRODUCT_BUNDLE_IDENTIFIER = arnassleivys.MiniBankingApp;
				PRODUCT_NAME = "$(TARGET_NAME)";
				SWIFT_VERSION = 5.0;
				TARGETED_DEVICE_FAMILY = 1;
			};
			name = Release;
		};
		3235451E26F1229B0089E171 /* Debug */ = {
			isa = XCBuildConfiguration;
			buildSettings = {
				ALWAYS_EMBED_SWIFT_STANDARD_LIBRARIES = YES;
				BUNDLE_LOADER = "$(TEST_HOST)";
				CODE_SIGN_STYLE = Automatic;
				DEVELOPMENT_TEAM = FA63X2Z829;
				INFOPLIST_FILE = MiniBankingAppTests/Info.plist;
				IPHONEOS_DEPLOYMENT_TARGET = 14.5;
				LD_RUNPATH_SEARCH_PATHS = (
					"$(inherited)",
					"@executable_path/Frameworks",
					"@loader_path/Frameworks",
				);
				PRODUCT_BUNDLE_IDENTIFIER = arnassleivys.MiniBankingAppTests;
				PRODUCT_NAME = "$(TARGET_NAME)";
				SWIFT_VERSION = 5.0;
				TARGETED_DEVICE_FAMILY = "1,2";
				TEST_HOST = "$(BUILT_PRODUCTS_DIR)/MiniBankingApp.app/MiniBankingApp";
			};
			name = Debug;
		};
		3235451F26F1229B0089E171 /* Release */ = {
			isa = XCBuildConfiguration;
			buildSettings = {
				ALWAYS_EMBED_SWIFT_STANDARD_LIBRARIES = YES;
				BUNDLE_LOADER = "$(TEST_HOST)";
				CODE_SIGN_STYLE = Automatic;
				DEVELOPMENT_TEAM = FA63X2Z829;
				INFOPLIST_FILE = MiniBankingAppTests/Info.plist;
				IPHONEOS_DEPLOYMENT_TARGET = 14.5;
				LD_RUNPATH_SEARCH_PATHS = (
					"$(inherited)",
					"@executable_path/Frameworks",
					"@loader_path/Frameworks",
				);
				PRODUCT_BUNDLE_IDENTIFIER = arnassleivys.MiniBankingAppTests;
				PRODUCT_NAME = "$(TARGET_NAME)";
				SWIFT_VERSION = 5.0;
				TARGETED_DEVICE_FAMILY = "1,2";
				TEST_HOST = "$(BUILT_PRODUCTS_DIR)/MiniBankingApp.app/MiniBankingApp";
			};
			name = Release;
		};
		3235452126F1229B0089E171 /* Debug */ = {
			isa = XCBuildConfiguration;
			buildSettings = {
				ALWAYS_EMBED_SWIFT_STANDARD_LIBRARIES = YES;
				CODE_SIGN_STYLE = Automatic;
				DEVELOPMENT_TEAM = FA63X2Z829;
				INFOPLIST_FILE = MiniBankingAppUITests/Info.plist;
				LD_RUNPATH_SEARCH_PATHS = (
					"$(inherited)",
					"@executable_path/Frameworks",
					"@loader_path/Frameworks",
				);
				PRODUCT_BUNDLE_IDENTIFIER = arnassleivys.MiniBankingAppUITests;
				PRODUCT_NAME = "$(TARGET_NAME)";
				SWIFT_VERSION = 5.0;
				TARGETED_DEVICE_FAMILY = "1,2";
				TEST_TARGET_NAME = MiniBankingApp;
			};
			name = Debug;
		};
		3235452226F1229B0089E171 /* Release */ = {
			isa = XCBuildConfiguration;
			buildSettings = {
				ALWAYS_EMBED_SWIFT_STANDARD_LIBRARIES = YES;
				CODE_SIGN_STYLE = Automatic;
				DEVELOPMENT_TEAM = FA63X2Z829;
				INFOPLIST_FILE = MiniBankingAppUITests/Info.plist;
				LD_RUNPATH_SEARCH_PATHS = (
					"$(inherited)",
					"@executable_path/Frameworks",
					"@loader_path/Frameworks",
				);
				PRODUCT_BUNDLE_IDENTIFIER = arnassleivys.MiniBankingAppUITests;
				PRODUCT_NAME = "$(TARGET_NAME)";
				SWIFT_VERSION = 5.0;
				TARGETED_DEVICE_FAMILY = "1,2";
				TEST_TARGET_NAME = MiniBankingApp;
			};
			name = Release;
		};
/* End XCBuildConfiguration section */

/* Begin XCConfigurationList section */
		323544E826F1229A0089E171 /* Build configuration list for PBXProject "MiniBankingApp" */ = {
			isa = XCConfigurationList;
			buildConfigurations = (
				3235451826F1229B0089E171 /* Debug */,
				3235451926F1229B0089E171 /* Release */,
			);
			defaultConfigurationIsVisible = 0;
			defaultConfigurationName = Release;
		};
		3235451A26F1229B0089E171 /* Build configuration list for PBXNativeTarget "MiniBankingApp" */ = {
			isa = XCConfigurationList;
			buildConfigurations = (
				3235451B26F1229B0089E171 /* Debug */,
				3235451C26F1229B0089E171 /* Release */,
			);
			defaultConfigurationIsVisible = 0;
			defaultConfigurationName = Release;
		};
		3235451D26F1229B0089E171 /* Build configuration list for PBXNativeTarget "MiniBankingAppTests" */ = {
			isa = XCConfigurationList;
			buildConfigurations = (
				3235451E26F1229B0089E171 /* Debug */,
				3235451F26F1229B0089E171 /* Release */,
			);
			defaultConfigurationIsVisible = 0;
			defaultConfigurationName = Release;
		};
		3235452026F1229B0089E171 /* Build configuration list for PBXNativeTarget "MiniBankingAppUITests" */ = {
			isa = XCConfigurationList;
			buildConfigurations = (
				3235452126F1229B0089E171 /* Debug */,
				3235452226F1229B0089E171 /* Release */,
			);
			defaultConfigurationIsVisible = 0;
			defaultConfigurationName = Release;
		};
/* End XCConfigurationList section */

/* Begin XCRemoteSwiftPackageReference section */
		32966CFF26F8C0D4002FEAF4 /* XCRemoteSwiftPackageReference "Alamofire" */ = {
			isa = XCRemoteSwiftPackageReference;
			repositoryURL = "https://github.com/Alamofire/Alamofire.git";
			requirement = {
				kind = upToNextMajorVersion;
				minimumVersion = 5.4.3;
			};
		};
		32966D0226F8C0E5002FEAF4 /* XCRemoteSwiftPackageReference "keychain-swift" */ = {
			isa = XCRemoteSwiftPackageReference;
			repositoryURL = "https://github.com/evgenyneu/keychain-swift.git";
			requirement = {
				kind = upToNextMajorVersion;
				minimumVersion = 19.0.0;
			};
		};
/* End XCRemoteSwiftPackageReference section */

/* Begin XCSwiftPackageProductDependency section */
		32966D0026F8C0D4002FEAF4 /* Alamofire */ = {
			isa = XCSwiftPackageProductDependency;
			package = 32966CFF26F8C0D4002FEAF4 /* XCRemoteSwiftPackageReference "Alamofire" */;
			productName = Alamofire;
		};
		32966D0326F8C0E5002FEAF4 /* KeychainSwift */ = {
			isa = XCSwiftPackageProductDependency;
			package = 32966D0226F8C0E5002FEAF4 /* XCRemoteSwiftPackageReference "keychain-swift" */;
			productName = KeychainSwift;
		};
/* End XCSwiftPackageProductDependency section */

/* Begin XCVersionGroup section */
		323544F626F1229A0089E171 /* MiniBankingApp.xcdatamodeld */ = {
			isa = XCVersionGroup;
			children = (
				323544F726F1229A0089E171 /* MiniBankingApp.xcdatamodel */,
			);
			currentVersion = 323544F726F1229A0089E171 /* MiniBankingApp.xcdatamodel */;
			path = MiniBankingApp.xcdatamodeld;
			sourceTree = "<group>";
			versionGroupType = wrapper.xcdatamodel;
		};
/* End XCVersionGroup section */
	};
	rootObject = 323544E526F1229A0089E171 /* Project object */;
}
